{
  "pins" : [
    {
      "identity" : "swiftfulrouting",
      "kind" : "remoteSourceControl",
      "location" : "https://github.com/SwiftfulThinking/SwiftfulRouting.git",
      "state" : {
        "revision" : "23149cef2483f9f995d71327c8592d342dcd1abe",
        "version" : "4.0.2"
      }
    }
  ],
  "version" : 2
}
