{
  "originHash" : "fa1bf735c63463e438322d760ed7d387894ec9b81eeb9e0526c79758abe4afa1",
  "pins" : [
    {
      "identity" : "swiftfullogging",
      "kind" : "remoteSourceControl",
      "location" : "https://github.com/SwiftfulThinking/SwiftfulLogging",
      "state" : {
        "revision" : "f3c9190003ff23b9dc74dc2e4cf3d95c47ef263b",
        "version" : "1.1.2"
      }
    },
    {
      "identity" : "swiftfulrecursiveui",
      "kind" : "remoteSourceControl",
      "location" : "https://github.com/SwiftfulThinking/SwiftfulRecursiveUI.git",
      "state" : {
        "revision" : "3d2d5ac6efe70874fb5ffb2f8e1d5ccd457f4366",
        "version" : "1.0.2"
      }
    },
    {
      "identity" : "swiftfulrouting",
      "kind" : "remoteSourceControl",
      "location" : "https://github.com/SwiftfulThinking/SwiftfulRouting",
      "state" : {
        "revision" : "e08e0502989b7fcba919888eb6e9a84bef5ed367",
        "version" : "6.1.2"
      }
    }
  ],
  "version" : 3
}
