{
  "pins" : [
    {
      "identity" : "swiftfulrouting",
      "kind" : "remoteSourceControl",
      "location" : "https://github.com/SwiftfulThinking/SwiftfulRouting.git",
      "state" : {
        "revision" : "931085e0799f28f5c128332c0229bc7b6cd8ecb0",
        "version" : "3.0.3"
      }
    }
  ],
  "version" : 2
}
