// !$*UTF8*$!
{
	archiveVersion = 1;
	classes = {
	};
	objectVersion = 55;
	objects = {

/* Begin PBXBuildFile section */
		021CF2D22A9CDB4500BFB255 /* PopoverView.swift in Sources */ = {isa = PBXBuildFile; fileRef = 021CF2D12A9CDB4500BFB255 /* PopoverView.swift */; };
		024651CA2D7BFA7E00545A5F /* DismissTests.swift in Sources */ = {isa = PBXBuildFile; fileRef = 024651C92D7BFA7E00545A5F /* DismissTests.swift */; };
		027D76642D63C52C00D24A22 /* AnyDestination.swift in Sources */ = {isa = PBXBuildFile; fileRef = 027D76632D63C52C00D24A22 /* AnyDestination.swift */; };
		027D76662D63C53600D24A22 /* OnFirstAppearModifier.swift in Sources */ = {isa = PBXBuildFile; fileRef = 027D76652D63C53600D24A22 /* OnFirstAppearModifier.swift */; };
		027D76682D63C54700D24A22 /* SegueOption.swift in Sources */ = {isa = PBXBuildFile; fileRef = 027D76672D63C54700D24A22 /* SegueOption.swift */; };
		027D766A2D63C57A00D24A22 /* AnyDestinationStack.swift in Sources */ = {isa = PBXBuildFile; fileRef = 027D76692D63C57A00D24A22 /* AnyDestinationStack.swift */; };
		028A896A281F9228004E3DA4 /* SwiftfulRoutingExampleApp.swift in Sources */ = {isa = PBXBuildFile; fileRef = 028A8969281F9228004E3DA4 /* SwiftfulRoutingExampleApp.swift */; };
		028A896C281F9228004E3DA4 /* ContentView.swift in Sources */ = {isa = PBXBuildFile; fileRef = 028A896B281F9228004E3DA4 /* ContentView.swift */; };
		028A896E281F922B004E3DA4 /* Assets.xcassets in Resources */ = {isa = PBXBuildFile; fileRef = 028A896D281F922B004E3DA4 /* Assets.xcassets */; };
		028A8971281F922B004E3DA4 /* Preview Assets.xcassets in Resources */ = {isa = PBXBuildFile; fileRef = 028A8970281F922B004E3DA4 /* Preview Assets.xcassets */; };
		028A8981281F92AA004E3DA4 /* SwiftfulRoutingExampleUITests.swift in Sources */ = {isa = PBXBuildFile; fileRef = 028A8980281F92AA004E3DA4 /* SwiftfulRoutingExampleUITests.swift */; };
		02ADB6A92D3D766400F15EBD /* RoutingTest.swift in Sources */ = {isa = PBXBuildFile; fileRef = 02ADB6A82D3D766400F15EBD /* RoutingTest.swift */; };
		02C671E72D76BDE1001C1A62 /* AnyRouter.swift in Sources */ = {isa = PBXBuildFile; fileRef = 02C671E62D76BDE1001C1A62 /* AnyRouter.swift */; };
		02C673C72D7800AA001C1A62 /* SegueTests.swift in Sources */ = {isa = PBXBuildFile; fileRef = 02C673C62D7800AA001C1A62 /* SegueTests.swift */; };
		02C673CA2D7803D7001C1A62 /* RecursiveRoutingView.swift in Sources */ = {isa = PBXBuildFile; fileRef = 02C673C92D7803D7001C1A62 /* RecursiveRoutingView.swift */; };
		02C673CC2D797784001C1A62 /* MultiSegueTests.swift in Sources */ = {isa = PBXBuildFile; fileRef = 02C673CB2D797784001C1A62 /* MultiSegueTests.swift */; };
		02CFF0E12986B2D900E6ABCC /* ExampleView.swift in Sources */ = {isa = PBXBuildFile; fileRef = 02CFF0E02986B2D900E6ABCC /* ExampleView.swift */; };
		02CFF0E32986B66F00E6ABCC /* DataService.swift in Sources */ = {isa = PBXBuildFile; fileRef = 02CFF0E22986B66F00E6ABCC /* DataService.swift */; };
		02CFF0E52986B68300E6ABCC /* ExampleViewModel.swift in Sources */ = {isa = PBXBuildFile; fileRef = 02CFF0E42986B68300E6ABCC /* ExampleViewModel.swift */; };
		02CFF0E82986B6F200E6ABCC /* SampleView.swift in Sources */ = {isa = PBXBuildFile; fileRef = 02CFF0E72986B6F200E6ABCC /* SampleView.swift */; };
		02CFF0EA2986BA1000E6ABCC /* SampleViewModel.swift in Sources */ = {isa = PBXBuildFile; fileRef = 02CFF0E92986BA1000E6ABCC /* SampleViewModel.swift */; };
		02CFF0ED2986BAEE00E6ABCC /* MyNextView.swift in Sources */ = {isa = PBXBuildFile; fileRef = 02CFF0EC2986BAEE00E6ABCC /* MyNextView.swift */; };
		02CFF0F22986BDFC00E6ABCC /* HomeView.swift in Sources */ = {isa = PBXBuildFile; fileRef = 02CFF0F12986BDFC00E6ABCC /* HomeView.swift */; };
		02CFF0F42986BE2F00E6ABCC /* HomePresenter.swift in Sources */ = {isa = PBXBuildFile; fileRef = 02CFF0F32986BE2F00E6ABCC /* HomePresenter.swift */; };
		02CFF0F72986BEE400E6ABCC /* BasicView.swift in Sources */ = {isa = PBXBuildFile; fileRef = 02CFF0F62986BEE400E6ABCC /* BasicView.swift */; };
		02CFF0F92986BEEE00E6ABCC /* BasicViewModel.swift in Sources */ = {isa = PBXBuildFile; fileRef = 02CFF0F82986BEEE00E6ABCC /* BasicViewModel.swift */; };
		02CFF0FD2986BFE200E6ABCC /* BasicViewModelDelegate.swift in Sources */ = {isa = PBXBuildFile; fileRef = 02CFF0FC2986BFE200E6ABCC /* BasicViewModelDelegate.swift */; };
		02CFF0FF2986C20B00E6ABCC /* HomeInteractor.swift in Sources */ = {isa = PBXBuildFile; fileRef = 02CFF0FE2986C20B00E6ABCC /* HomeInteractor.swift */; };
		02CFF1012986C29900E6ABCC /* HomeRouter.swift in Sources */ = {isa = PBXBuildFile; fileRef = 02CFF1002986C29900E6ABCC /* HomeRouter.swift */; };
		02CFF1032986C8D000E6ABCC /* ProgramaticSheetView.swift in Sources */ = {isa = PBXBuildFile; fileRef = 02CFF1022986C8D000E6ABCC /* ProgramaticSheetView.swift */; };
		D1A7AEBA2C778380006AF666 /* ContentTransitionView.swift in Sources */ = {isa = PBXBuildFile; fileRef = D1A7AEB92C778380006AF666 /* ContentTransitionView.swift */; };
/* End PBXBuildFile section */

/* Begin PBXContainerItemProxy section */
		028A8984281F92AA004E3DA4 /* PBXContainerItemProxy */ = {
			isa = PBXContainerItemProxy;
			containerPortal = 028A895E281F9228004E3DA4 /* Project object */;
			proxyType = 1;
			remoteGlobalIDString = 028A8965281F9228004E3DA4;
			remoteInfo = SwiftfulRoutingExample;
		};
/* End PBXContainerItemProxy section */

/* Begin PBXFileReference section */
		021CF2D12A9CDB4500BFB255 /* PopoverView.swift */ = {isa = PBXFileReference; lastKnownFileType = sourcecode.swift; path = PopoverView.swift; sourceTree = "<group>"; };
		024651C92D7BFA7E00545A5F /* DismissTests.swift */ = {isa = PBXFileReference; lastKnownFileType = sourcecode.swift; path = DismissTests.swift; sourceTree = "<group>"; };
		027D76632D63C52C00D24A22 /* AnyDestination.swift */ = {isa = PBXFileReference; lastKnownFileType = sourcecode.swift; path = AnyDestination.swift; sourceTree = "<group>"; };
		027D76652D63C53600D24A22 /* OnFirstAppearModifier.swift */ = {isa = PBXFileReference; lastKnownFileType = sourcecode.swift; path = OnFirstAppearModifier.swift; sourceTree = "<group>"; };
		027D76672D63C54700D24A22 /* SegueOption.swift */ = {isa = PBXFileReference; lastKnownFileType = sourcecode.swift; path = SegueOption.swift; sourceTree = "<group>"; };
		027D76692D63C57A00D24A22 /* AnyDestinationStack.swift */ = {isa = PBXFileReference; lastKnownFileType = sourcecode.swift; path = AnyDestinationStack.swift; sourceTree = "<group>"; };
		028A8966281F9228004E3DA4 /* SwiftfulRoutingExample.app */ = {isa = PBXFileReference; explicitFileType = wrapper.application; includeInIndex = 0; path = SwiftfulRoutingExample.app; sourceTree = BUILT_PRODUCTS_DIR; };
		028A8969281F9228004E3DA4 /* SwiftfulRoutingExampleApp.swift */ = {isa = PBXFileReference; lastKnownFileType = sourcecode.swift; path = SwiftfulRoutingExampleApp.swift; sourceTree = "<group>"; };
		028A896B281F9228004E3DA4 /* ContentView.swift */ = {isa = PBXFileReference; lastKnownFileType = sourcecode.swift; path = ContentView.swift; sourceTree = "<group>"; };
		028A896D281F922B004E3DA4 /* Assets.xcassets */ = {isa = PBXFileReference; lastKnownFileType = folder.assetcatalog; path = Assets.xcassets; sourceTree = "<group>"; };
		028A8970281F922B004E3DA4 /* Preview Assets.xcassets */ = {isa = PBXFileReference; lastKnownFileType = folder.assetcatalog; path = "Preview Assets.xcassets"; sourceTree = "<group>"; };
		028A897E281F92AA004E3DA4 /* SwiftfulRoutingExampleUITests.xctest */ = {isa = PBXFileReference; explicitFileType = wrapper.cfbundle; includeInIndex = 0; path = SwiftfulRoutingExampleUITests.xctest; sourceTree = BUILT_PRODUCTS_DIR; };
		028A8980281F92AA004E3DA4 /* SwiftfulRoutingExampleUITests.swift */ = {isa = PBXFileReference; lastKnownFileType = sourcecode.swift; path = SwiftfulRoutingExampleUITests.swift; sourceTree = "<group>"; };
		02ADB6A82D3D766400F15EBD /* RoutingTest.swift */ = {isa = PBXFileReference; lastKnownFileType = sourcecode.swift; path = RoutingTest.swift; sourceTree = "<group>"; };
		02C671E62D76BDE1001C1A62 /* AnyRouter.swift */ = {isa = PBXFileReference; lastKnownFileType = sourcecode.swift; path = AnyRouter.swift; sourceTree = "<group>"; };
		02C673C62D7800AA001C1A62 /* SegueTests.swift */ = {isa = PBXFileReference; lastKnownFileType = sourcecode.swift; path = SegueTests.swift; sourceTree = "<group>"; };
		02C673C92D7803D7001C1A62 /* RecursiveRoutingView.swift */ = {isa = PBXFileReference; lastKnownFileType = sourcecode.swift; path = RecursiveRoutingView.swift; sourceTree = "<group>"; };
		02C673CB2D797784001C1A62 /* MultiSegueTests.swift */ = {isa = PBXFileReference; lastKnownFileType = sourcecode.swift; path = MultiSegueTests.swift; sourceTree = "<group>"; };
		02CFF0E02986B2D900E6ABCC /* ExampleView.swift */ = {isa = PBXFileReference; lastKnownFileType = sourcecode.swift; path = ExampleView.swift; sourceTree = "<group>"; };
		02CFF0E22986B66F00E6ABCC /* DataService.swift */ = {isa = PBXFileReference; lastKnownFileType = sourcecode.swift; path = DataService.swift; sourceTree = "<group>"; };
		02CFF0E42986B68300E6ABCC /* ExampleViewModel.swift */ = {isa = PBXFileReference; lastKnownFileType = sourcecode.swift; path = ExampleViewModel.swift; sourceTree = "<group>"; };
		02CFF0E72986B6F200E6ABCC /* SampleView.swift */ = {isa = PBXFileReference; lastKnownFileType = sourcecode.swift; path = SampleView.swift; sourceTree = "<group>"; };
		02CFF0E92986BA1000E6ABCC /* SampleViewModel.swift */ = {isa = PBXFileReference; lastKnownFileType = sourcecode.swift; path = SampleViewModel.swift; sourceTree = "<group>"; };
		02CFF0EC2986BAEE00E6ABCC /* MyNextView.swift */ = {isa = PBXFileReference; lastKnownFileType = sourcecode.swift; path = MyNextView.swift; sourceTree = "<group>"; };
		02CFF0F12986BDFC00E6ABCC /* HomeView.swift */ = {isa = PBXFileReference; lastKnownFileType = sourcecode.swift; path = HomeView.swift; sourceTree = "<group>"; };
		02CFF0F32986BE2F00E6ABCC /* HomePresenter.swift */ = {isa = PBXFileReference; lastKnownFileType = sourcecode.swift; path = HomePresenter.swift; sourceTree = "<group>"; };
		02CFF0F62986BEE400E6ABCC /* BasicView.swift */ = {isa = PBXFileReference; lastKnownFileType = sourcecode.swift; path = BasicView.swift; sourceTree = "<group>"; };
		02CFF0F82986BEEE00E6ABCC /* BasicViewModel.swift */ = {isa = PBXFileReference; lastKnownFileType = sourcecode.swift; path = BasicViewModel.swift; sourceTree = "<group>"; };
		02CFF0FC2986BFE200E6ABCC /* BasicViewModelDelegate.swift */ = {isa = PBXFileReference; lastKnownFileType = sourcecode.swift; path = BasicViewModelDelegate.swift; sourceTree = "<group>"; };
		02CFF0FE2986C20B00E6ABCC /* HomeInteractor.swift */ = {isa = PBXFileReference; lastKnownFileType = sourcecode.swift; path = HomeInteractor.swift; sourceTree = "<group>"; };
		02CFF1002986C29900E6ABCC /* HomeRouter.swift */ = {isa = PBXFileReference; lastKnownFileType = sourcecode.swift; path = HomeRouter.swift; sourceTree = "<group>"; };
		02CFF1022986C8D000E6ABCC /* ProgramaticSheetView.swift */ = {isa = PBXFileReference; lastKnownFileType = sourcecode.swift; path = ProgramaticSheetView.swift; sourceTree = "<group>"; };
		02CFF1042986F59800E6ABCC /* Info.plist */ = {isa = PBXFileReference; lastKnownFileType = text.plist; path = Info.plist; sourceTree = "<group>"; };
		D1A7AEB92C778380006AF666 /* ContentTransitionView.swift */ = {isa = PBXFileReference; lastKnownFileType = sourcecode.swift; path = ContentTransitionView.swift; sourceTree = "<group>"; };
/* End PBXFileReference section */

/* Begin PBXFrameworksBuildPhase section */
		028A8963281F9228004E3DA4 /* Frameworks */ = {
			isa = PBXFrameworksBuildPhase;
			buildActionMask = 2147483647;
			files = (
			);
			runOnlyForDeploymentPostprocessing = 0;
		};
		028A897B281F92AA004E3DA4 /* Frameworks */ = {
			isa = PBXFrameworksBuildPhase;
			buildActionMask = 2147483647;
			files = (
			);
			runOnlyForDeploymentPostprocessing = 0;
		};
/* End PBXFrameworksBuildPhase section */

/* Begin PBXGroup section */
		028A895D281F9228004E3DA4 = {
			isa = PBXGroup;
			children = (
				028A8968281F9228004E3DA4 /* SwiftfulRoutingExample */,
				028A897F281F92AA004E3DA4 /* SwiftfulRoutingExampleUITests */,
				028A8967281F9228004E3DA4 /* Products */,
			);
			sourceTree = "<group>";
		};
		028A8967281F9228004E3DA4 /* Products */ = {
			isa = PBXGroup;
			children = (
				028A8966281F9228004E3DA4 /* SwiftfulRoutingExample.app */,
				028A897E281F92AA004E3DA4 /* SwiftfulRoutingExampleUITests.xctest */,
			);
			name = Products;
			sourceTree = "<group>";
		};
		028A8968281F9228004E3DA4 /* SwiftfulRoutingExample */ = {
			isa = PBXGroup;
			children = (
				02CFF1042986F59800E6ABCC /* Info.plist */,
				028A8969281F9228004E3DA4 /* SwiftfulRoutingExampleApp.swift */,
				028A896B281F9228004E3DA4 /* ContentView.swift */,
				02C673C92D7803D7001C1A62 /* RecursiveRoutingView.swift */,
				D1A7AEB92C778380006AF666 /* ContentTransitionView.swift */,
				021CF2D12A9CDB4500BFB255 /* PopoverView.swift */,
				02ADB6A72D3D763000F15EBD /* Routing */,
				02CFF0DF2986B2A700E6ABCC /* MVVM (View Routing) */,
				02CFF0E62986B6E100E6ABCC /* MVVM (ViewModel Routing) */,
				02CFF0F52986BEBB00E6ABCC /* MVVM (ViewModel Routing + Delegate) */,
				02CFF0F02986BD7300E6ABCC /* VIPER (Delegate Routing) */,
				02CFF0EB2986BADE00E6ABCC /* Helpers */,
				028A896D281F922B004E3DA4 /* Assets.xcassets */,
				028A896F281F922B004E3DA4 /* Preview Content */,
			);
			path = SwiftfulRoutingExample;
			sourceTree = "<group>";
		};
		028A896F281F922B004E3DA4 /* Preview Content */ = {
			isa = PBXGroup;
			children = (
				028A8970281F922B004E3DA4 /* Preview Assets.xcassets */,
			);
			path = "Preview Content";
			sourceTree = "<group>";
		};
		028A897F281F92AA004E3DA4 /* SwiftfulRoutingExampleUITests */ = {
			isa = PBXGroup;
			children = (
				028A8980281F92AA004E3DA4 /* SwiftfulRoutingExampleUITests.swift */,
				02C673C32D77FF82001C1A62 /* NewTests */,
			);
			path = SwiftfulRoutingExampleUITests;
			sourceTree = "<group>";
		};
		02ADB6A72D3D763000F15EBD /* Routing */ = {
			isa = PBXGroup;
			children = (
				02ADB6A82D3D766400F15EBD /* RoutingTest.swift */,
				02C671E62D76BDE1001C1A62 /* AnyRouter.swift */,
				027D76632D63C52C00D24A22 /* AnyDestination.swift */,
				027D76652D63C53600D24A22 /* OnFirstAppearModifier.swift */,
				027D76672D63C54700D24A22 /* SegueOption.swift */,
				027D76692D63C57A00D24A22 /* AnyDestinationStack.swift */,
			);
			path = Routing;
			sourceTree = "<group>";
		};
		02C673C32D77FF82001C1A62 /* NewTests */ = {
			isa = PBXGroup;
			children = (
				02C673C62D7800AA001C1A62 /* SegueTests.swift */,
				02C673CB2D797784001C1A62 /* MultiSegueTests.swift */,
				024651C92D7BFA7E00545A5F /* DismissTests.swift */,
			);
			path = NewTests;
			sourceTree = "<group>";
		};
		02CFF0DF2986B2A700E6ABCC /* MVVM (View Routing) */ = {
			isa = PBXGroup;
			children = (
				02CFF0E02986B2D900E6ABCC /* ExampleView.swift */,
				02CFF0E42986B68300E6ABCC /* ExampleViewModel.swift */,
			);
			path = "MVVM (View Routing)";
			sourceTree = "<group>";
		};
		02CFF0E62986B6E100E6ABCC /* MVVM (ViewModel Routing) */ = {
			isa = PBXGroup;
			children = (
				02CFF0E72986B6F200E6ABCC /* SampleView.swift */,
				02CFF0E92986BA1000E6ABCC /* SampleViewModel.swift */,
			);
			path = "MVVM (ViewModel Routing)";
			sourceTree = "<group>";
		};
		02CFF0EB2986BADE00E6ABCC /* Helpers */ = {
			isa = PBXGroup;
			children = (
				02CFF0EC2986BAEE00E6ABCC /* MyNextView.swift */,
				02CFF0E22986B66F00E6ABCC /* DataService.swift */,
				02CFF1022986C8D000E6ABCC /* ProgramaticSheetView.swift */,
			);
			path = Helpers;
			sourceTree = "<group>";
		};
		02CFF0F02986BD7300E6ABCC /* VIPER (Delegate Routing) */ = {
			isa = PBXGroup;
			children = (
				02CFF0F12986BDFC00E6ABCC /* HomeView.swift */,
				02CFF0F32986BE2F00E6ABCC /* HomePresenter.swift */,
				02CFF0FE2986C20B00E6ABCC /* HomeInteractor.swift */,
				02CFF1002986C29900E6ABCC /* HomeRouter.swift */,
			);
			path = "VIPER (Delegate Routing)";
			sourceTree = "<group>";
		};
		02CFF0F52986BEBB00E6ABCC /* MVVM (ViewModel Routing + Delegate) */ = {
			isa = PBXGroup;
			children = (
				02CFF0F62986BEE400E6ABCC /* BasicView.swift */,
				02CFF0F82986BEEE00E6ABCC /* BasicViewModel.swift */,
				02CFF0FC2986BFE200E6ABCC /* BasicViewModelDelegate.swift */,
			);
			path = "MVVM (ViewModel Routing + Delegate)";
			sourceTree = "<group>";
		};
/* End PBXGroup section */

/* Begin PBXNativeTarget section */
		028A8965281F9228004E3DA4 /* SwiftfulRoutingExample */ = {
			isa = PBXNativeTarget;
			buildConfigurationList = 028A8974281F922B004E3DA4 /* Build configuration list for PBXNativeTarget "SwiftfulRoutingExample" */;
			buildPhases = (
				028A8962281F9228004E3DA4 /* Sources */,
				028A8963281F9228004E3DA4 /* Frameworks */,
				028A8964281F9228004E3DA4 /* Resources */,
			);
			buildRules = (
			);
			dependencies = (
			);
			name = SwiftfulRoutingExample;
			packageProductDependencies = (
			);
			productName = SwiftfulRoutingExample;
			productReference = 028A8966281F9228004E3DA4 /* SwiftfulRoutingExample.app */;
			productType = "com.apple.product-type.application";
		};
		028A897D281F92AA004E3DA4 /* SwiftfulRoutingExampleUITests */ = {
			isa = PBXNativeTarget;
			buildConfigurationList = 028A8986281F92AA004E3DA4 /* Build configuration list for PBXNativeTarget "SwiftfulRoutingExampleUITests" */;
			buildPhases = (
				028A897A281F92AA004E3DA4 /* Sources */,
				028A897B281F92AA004E3DA4 /* Frameworks */,
				028A897C281F92AA004E3DA4 /* Resources */,
			);
			buildRules = (
			);
			dependencies = (
				028A8985281F92AA004E3DA4 /* PBXTargetDependency */,
			);
			name = SwiftfulRoutingExampleUITests;
			productName = SwiftfulRoutingExampleUITests;
			productReference = 028A897E281F92AA004E3DA4 /* SwiftfulRoutingExampleUITests.xctest */;
			productType = "com.apple.product-type.bundle.ui-testing";
		};
/* End PBXNativeTarget section */

/* Begin PBXProject section */
		028A895E281F9228004E3DA4 /* Project object */ = {
			isa = PBXProject;
			attributes = {
				BuildIndependentTargetsInParallel = 1;
				LastSwiftUpdateCheck = 1320;
				LastUpgradeCheck = 1320;
				TargetAttributes = {
					028A8965281F9228004E3DA4 = {
						CreatedOnToolsVersion = 13.2.1;
					};
					028A897D281F92AA004E3DA4 = {
						CreatedOnToolsVersion = 13.2.1;
						TestTargetID = 028A8965281F9228004E3DA4;
					};
				};
			};
			buildConfigurationList = 028A8961281F9228004E3DA4 /* Build configuration list for PBXProject "SwiftfulRoutingExample" */;
			compatibilityVersion = "Xcode 13.0";
			developmentRegion = en;
			hasScannedForEncodings = 0;
			knownRegions = (
				en,
				Base,
			);
			mainGroup = 028A895D281F9228004E3DA4;
			packageReferences = (
			);
			productRefGroup = 028A8967281F9228004E3DA4 /* Products */;
			projectDirPath = "";
			projectRoot = "";
			targets = (
				028A8965281F9228004E3DA4 /* SwiftfulRoutingExample */,
				028A897D281F92AA004E3DA4 /* SwiftfulRoutingExampleUITests */,
			);
		};
/* End PBXProject section */

/* Begin PBXResourcesBuildPhase section */
		028A8964281F9228004E3DA4 /* Resources */ = {
			isa = PBXResourcesBuildPhase;
			buildActionMask = 2147483647;
			files = (
				028A8971281F922B004E3DA4 /* Preview Assets.xcassets in Resources */,
				028A896E281F922B004E3DA4 /* Assets.xcassets in Resources */,
			);
			runOnlyForDeploymentPostprocessing = 0;
		};
		028A897C281F92AA004E3DA4 /* Resources */ = {
			isa = PBXResourcesBuildPhase;
			buildActionMask = 2147483647;
			files = (
			);
			runOnlyForDeploymentPostprocessing = 0;
		};
/* End PBXResourcesBuildPhase section */

/* Begin PBXSourcesBuildPhase section */
		028A8962281F9228004E3DA4 /* Sources */ = {
			isa = PBXSourcesBuildPhase;
			buildActionMask = 2147483647;
			files = (
				02CFF0E52986B68300E6ABCC /* ExampleViewModel.swift in Sources */,
				02CFF0E12986B2D900E6ABCC /* ExampleView.swift in Sources */,
				02CFF1032986C8D000E6ABCC /* ProgramaticSheetView.swift in Sources */,
				02CFF0FF2986C20B00E6ABCC /* HomeInteractor.swift in Sources */,
				02C671E72D76BDE1001C1A62 /* AnyRouter.swift in Sources */,
				027D76662D63C53600D24A22 /* OnFirstAppearModifier.swift in Sources */,
				028A896C281F9228004E3DA4 /* ContentView.swift in Sources */,
				02CFF0F72986BEE400E6ABCC /* BasicView.swift in Sources */,
				02CFF0F22986BDFC00E6ABCC /* HomeView.swift in Sources */,
				027D766A2D63C57A00D24A22 /* AnyDestinationStack.swift in Sources */,
				027D76682D63C54700D24A22 /* SegueOption.swift in Sources */,
				02CFF0ED2986BAEE00E6ABCC /* MyNextView.swift in Sources */,
				02CFF0EA2986BA1000E6ABCC /* SampleViewModel.swift in Sources */,
				027D76642D63C52C00D24A22 /* AnyDestination.swift in Sources */,
				02CFF1012986C29900E6ABCC /* HomeRouter.swift in Sources */,
				02CFF0E32986B66F00E6ABCC /* DataService.swift in Sources */,
				D1A7AEBA2C778380006AF666 /* ContentTransitionView.swift in Sources */,
				02CFF0F92986BEEE00E6ABCC /* BasicViewModel.swift in Sources */,
				02CFF0E82986B6F200E6ABCC /* SampleView.swift in Sources */,
				02C673CA2D7803D7001C1A62 /* RecursiveRoutingView.swift in Sources */,
				02CFF0FD2986BFE200E6ABCC /* BasicViewModelDelegate.swift in Sources */,
				028A896A281F9228004E3DA4 /* SwiftfulRoutingExampleApp.swift in Sources */,
				02CFF0F42986BE2F00E6ABCC /* HomePresenter.swift in Sources */,
				02ADB6A92D3D766400F15EBD /* RoutingTest.swift in Sources */,
				021CF2D22A9CDB4500BFB255 /* PopoverView.swift in Sources */,
			);
			runOnlyForDeploymentPostprocessing = 0;
		};
		028A897A281F92AA004E3DA4 /* Sources */ = {
			isa = PBXSourcesBuildPhase;
			buildActionMask = 2147483647;
			files = (
				024651CA2D7BFA7E00545A5F /* DismissTests.swift in Sources */,
				028A8981281F92AA004E3DA4 /* SwiftfulRoutingExampleUITests.swift in Sources */,
				02C673CC2D797784001C1A62 /* MultiSegueTests.swift in Sources */,
				02C673C72D7800AA001C1A62 /* SegueTests.swift in Sources */,
			);
			runOnlyForDeploymentPostprocessing = 0;
		};
/* End PBXSourcesBuildPhase section */

/* Begin PBXTargetDependency section */
		028A8985281F92AA004E3DA4 /* PBXTargetDependency */ = {
			isa = PBXTargetDependency;
			target = 028A8965281F9228004E3DA4 /* SwiftfulRoutingExample */;
			targetProxy = 028A8984281F92AA004E3DA4 /* PBXContainerItemProxy */;
		};
/* End PBXTargetDependency section */

/* Begin XCBuildConfiguration section */
		028A8972281F922B004E3DA4 /* Debug */ = {
			isa = XCBuildConfiguration;
			buildSettings = {
				ALWAYS_SEARCH_USER_PATHS = NO;
				CLANG_ANALYZER_NONNULL = YES;
				CLANG_ANALYZER_NUMBER_OBJECT_CONVERSION = YES_AGGRESSIVE;
				CLANG_CXX_LANGUAGE_STANDARD = "gnu++17";
				CLANG_CXX_LIBRARY = "libc++";
				CLANG_ENABLE_MODULES = YES;
				CLANG_ENABLE_OBJC_ARC = YES;
				CLANG_ENABLE_OBJC_WEAK = YES;
				CLANG_WARN_BLOCK_CAPTURE_AUTORELEASING = YES;
				CLANG_WARN_BOOL_CONVERSION = YES;
				CLANG_WARN_COMMA = YES;
				CLANG_WARN_CONSTANT_CONVERSION = YES;
				CLANG_WARN_DEPRECATED_OBJC_IMPLEMENTATIONS = YES;
				CLANG_WARN_DIRECT_OBJC_ISA_USAGE = YES_ERROR;
				CLANG_WARN_DOCUMENTATION_COMMENTS = YES;
				CLANG_WARN_EMPTY_BODY = YES;
				CLANG_WARN_ENUM_CONVERSION = YES;
				CLANG_WARN_INFINITE_RECURSION = YES;
				CLANG_WARN_INT_CONVERSION = YES;
				CLANG_WARN_NON_LITERAL_NULL_CONVERSION = YES;
				CLANG_WARN_OBJC_IMPLICIT_RETAIN_SELF = YES;
				CLANG_WARN_OBJC_LITERAL_CONVERSION = YES;
				CLANG_WARN_OBJC_ROOT_CLASS = YES_ERROR;
				CLANG_WARN_QUOTED_INCLUDE_IN_FRAMEWORK_HEADER = YES;
				CLANG_WARN_RANGE_LOOP_ANALYSIS = YES;
				CLANG_WARN_STRICT_PROTOTYPES = YES;
				CLANG_WARN_SUSPICIOUS_MOVE = YES;
				CLANG_WARN_UNGUARDED_AVAILABILITY = YES_AGGRESSIVE;
				CLANG_WARN_UNREACHABLE_CODE = YES;
				CLANG_WARN__DUPLICATE_METHOD_MATCH = YES;
				COPY_PHASE_STRIP = NO;
				DEBUG_INFORMATION_FORMAT = dwarf;
				ENABLE_STRICT_OBJC_MSGSEND = YES;
				ENABLE_TESTABILITY = YES;
				GCC_C_LANGUAGE_STANDARD = gnu11;
				GCC_DYNAMIC_NO_PIC = NO;
				GCC_NO_COMMON_BLOCKS = YES;
				GCC_OPTIMIZATION_LEVEL = 0;
				GCC_PREPROCESSOR_DEFINITIONS = (
					"DEBUG=1",
					"$(inherited)",
				);
				GCC_WARN_64_TO_32_BIT_CONVERSION = YES;
				GCC_WARN_ABOUT_RETURN_TYPE = YES_ERROR;
				GCC_WARN_UNDECLARED_SELECTOR = YES;
				GCC_WARN_UNINITIALIZED_AUTOS = YES_AGGRESSIVE;
				GCC_WARN_UNUSED_FUNCTION = YES;
				GCC_WARN_UNUSED_VARIABLE = YES;
				IPHONEOS_DEPLOYMENT_TARGET = 14.0;
				MTL_ENABLE_DEBUG_INFO = INCLUDE_SOURCE;
				MTL_FAST_MATH = YES;
				ONLY_ACTIVE_ARCH = YES;
				SDKROOT = iphoneos;
				SWIFT_ACTIVE_COMPILATION_CONDITIONS = DEBUG;
				SWIFT_OPTIMIZATION_LEVEL = "-Onone";
			};
			name = Debug;
		};
		028A8973281F922B004E3DA4 /* Release */ = {
			isa = XCBuildConfiguration;
			buildSettings = {
				ALWAYS_SEARCH_USER_PATHS = NO;
				CLANG_ANALYZER_NONNULL = YES;
				CLANG_ANALYZER_NUMBER_OBJECT_CONVERSION = YES_AGGRESSIVE;
				CLANG_CXX_LANGUAGE_STANDARD = "gnu++17";
				CLANG_CXX_LIBRARY = "libc++";
				CLANG_ENABLE_MODULES = YES;
				CLANG_ENABLE_OBJC_ARC = YES;
				CLANG_ENABLE_OBJC_WEAK = YES;
				CLANG_WARN_BLOCK_CAPTURE_AUTORELEASING = YES;
				CLANG_WARN_BOOL_CONVERSION = YES;
				CLANG_WARN_COMMA = YES;
				CLANG_WARN_CONSTANT_CONVERSION = YES;
				CLANG_WARN_DEPRECATED_OBJC_IMPLEMENTATIONS = YES;
				CLANG_WARN_DIRECT_OBJC_ISA_USAGE = YES_ERROR;
				CLANG_WARN_DOCUMENTATION_COMMENTS = YES;
				CLANG_WARN_EMPTY_BODY = YES;
				CLANG_WARN_ENUM_CONVERSION = YES;
				CLANG_WARN_INFINITE_RECURSION = YES;
				CLANG_WARN_INT_CONVERSION = YES;
				CLANG_WARN_NON_LITERAL_NULL_CONVERSION = YES;
				CLANG_WARN_OBJC_IMPLICIT_RETAIN_SELF = YES;
				CLANG_WARN_OBJC_LITERAL_CONVERSION = YES;
				CLANG_WARN_OBJC_ROOT_CLASS = YES_ERROR;
				CLANG_WARN_QUOTED_INCLUDE_IN_FRAMEWORK_HEADER = YES;
				CLANG_WARN_RANGE_LOOP_ANALYSIS = YES;
				CLANG_WARN_STRICT_PROTOTYPES = YES;
				CLANG_WARN_SUSPICIOUS_MOVE = YES;
				CLANG_WARN_UNGUARDED_AVAILABILITY = YES_AGGRESSIVE;
				CLANG_WARN_UNREACHABLE_CODE = YES;
				CLANG_WARN__DUPLICATE_METHOD_MATCH = YES;
				COPY_PHASE_STRIP = NO;
				DEBUG_INFORMATION_FORMAT = "dwarf-with-dsym";
				ENABLE_NS_ASSERTIONS = NO;
				ENABLE_STRICT_OBJC_MSGSEND = YES;
				GCC_C_LANGUAGE_STANDARD = gnu11;
				GCC_NO_COMMON_BLOCKS = YES;
				GCC_WARN_64_TO_32_BIT_CONVERSION = YES;
				GCC_WARN_ABOUT_RETURN_TYPE = YES_ERROR;
				GCC_WARN_UNDECLARED_SELECTOR = YES;
				GCC_WARN_UNINITIALIZED_AUTOS = YES_AGGRESSIVE;
				GCC_WARN_UNUSED_FUNCTION = YES;
				GCC_WARN_UNUSED_VARIABLE = YES;
				IPHONEOS_DEPLOYMENT_TARGET = 14.0;
				MTL_ENABLE_DEBUG_INFO = NO;
				MTL_FAST_MATH = YES;
				SDKROOT = iphoneos;
				SWIFT_COMPILATION_MODE = wholemodule;
				SWIFT_OPTIMIZATION_LEVEL = "-O";
				VALIDATE_PRODUCT = YES;
			};
			name = Release;
		};
		028A8975281F922B004E3DA4 /* Debug */ = {
			isa = XCBuildConfiguration;
			buildSettings = {
				ASSETCATALOG_COMPILER_APPICON_NAME = AppIcon;
				ASSETCATALOG_COMPILER_GLOBAL_ACCENT_COLOR_NAME = AccentColor;
				CODE_SIGN_STYLE = Automatic;
				CURRENT_PROJECT_VERSION = 1;
				DEVELOPMENT_ASSET_PATHS = "\"SwiftfulRoutingExample/Preview Content\"";
				DEVELOPMENT_TEAM = 89QY97R26H;
				ENABLE_PREVIEWS = YES;
				GENERATE_INFOPLIST_FILE = YES;
				INFOPLIST_FILE = SwiftfulRoutingExample/Info.plist;
				INFOPLIST_KEY_UIApplicationSupportsIndirectInputEvents = YES;
				INFOPLIST_KEY_UILaunchScreen_Generation = YES;
				INFOPLIST_KEY_UISupportedInterfaceOrientations_iPad = "UIInterfaceOrientationPortrait UIInterfaceOrientationPortraitUpsideDown UIInterfaceOrientationLandscapeLeft UIInterfaceOrientationLandscapeRight";
				INFOPLIST_KEY_UISupportedInterfaceOrientations_iPhone = "UIInterfaceOrientationPortrait UIInterfaceOrientationLandscapeLeft UIInterfaceOrientationLandscapeRight";
				IPHONEOS_DEPLOYMENT_TARGET = 17;
				LD_RUNPATH_SEARCH_PATHS = (
					"$(inherited)",
					"@executable_path/Frameworks",
				);
				MARKETING_VERSION = 1.0;
				PRODUCT_BUNDLE_IDENTIFIER = com.nicksarno.SwiftfulRoutingExample;
				PRODUCT_NAME = "$(TARGET_NAME)";
				SWIFT_EMIT_LOC_STRINGS = YES;
				SWIFT_VERSION = 5.0;
				TARGETED_DEVICE_FAMILY = "1,2";
			};
			name = Debug;
		};
		028A8976281F922B004E3DA4 /* Release */ = {
			isa = XCBuildConfiguration;
			buildSettings = {
				ASSETCATALOG_COMPILER_APPICON_NAME = AppIcon;
				ASSETCATALOG_COMPILER_GLOBAL_ACCENT_COLOR_NAME = AccentColor;
				CODE_SIGN_STYLE = Automatic;
				CURRENT_PROJECT_VERSION = 1;
				DEVELOPMENT_ASSET_PATHS = "\"SwiftfulRoutingExample/Preview Content\"";
				DEVELOPMENT_TEAM = 89QY97R26H;
				ENABLE_PREVIEWS = YES;
				GENERATE_INFOPLIST_FILE = YES;
				INFOPLIST_FILE = SwiftfulRoutingExample/Info.plist;
				INFOPLIST_KEY_UIApplicationSupportsIndirectInputEvents = YES;
				INFOPLIST_KEY_UILaunchScreen_Generation = YES;
				INFOPLIST_KEY_UISupportedInterfaceOrientations_iPad = "UIInterfaceOrientationPortrait UIInterfaceOrientationPortraitUpsideDown UIInterfaceOrientationLandscapeLeft UIInterfaceOrientationLandscapeRight";
				INFOPLIST_KEY_UISupportedInterfaceOrientations_iPhone = "UIInterfaceOrientationPortrait UIInterfaceOrientationLandscapeLeft UIInterfaceOrientationLandscapeRight";
				IPHONEOS_DEPLOYMENT_TARGET = 17;
				LD_RUNPATH_SEARCH_PATHS = (
					"$(inherited)",
					"@executable_path/Frameworks",
				);
				MARKETING_VERSION = 1.0;
				PRODUCT_BUNDLE_IDENTIFIER = com.nicksarno.SwiftfulRoutingExample;
				PRODUCT_NAME = "$(TARGET_NAME)";
				SWIFT_EMIT_LOC_STRINGS = YES;
				SWIFT_VERSION = 5.0;
				TARGETED_DEVICE_FAMILY = "1,2";
			};
			name = Release;
		};
		028A8987281F92AA004E3DA4 /* Debug */ = {
			isa = XCBuildConfiguration;
			buildSettings = {
				CODE_SIGN_STYLE = Automatic;
				CURRENT_PROJECT_VERSION = 1;
				DEVELOPMENT_TEAM = Z735PM5XVD;
				GENERATE_INFOPLIST_FILE = YES;
				MARKETING_VERSION = 1.0;
				PRODUCT_BUNDLE_IDENTIFIER = com.nicksarno.SwiftfulRoutingExampleUITests;
				PRODUCT_NAME = "$(TARGET_NAME)";
				SWIFT_EMIT_LOC_STRINGS = NO;
				SWIFT_VERSION = 5.0;
				TARGETED_DEVICE_FAMILY = "1,2";
				TEST_TARGET_NAME = SwiftfulRoutingExample;
			};
			name = Debug;
		};
		028A8988281F92AA004E3DA4 /* Release */ = {
			isa = XCBuildConfiguration;
			buildSettings = {
				CODE_SIGN_STYLE = Automatic;
				CURRENT_PROJECT_VERSION = 1;
				DEVELOPMENT_TEAM = Z735PM5XVD;
				GENERATE_INFOPLIST_FILE = YES;
				MARKETING_VERSION = 1.0;
				PRODUCT_BUNDLE_IDENTIFIER = com.nicksarno.SwiftfulRoutingExampleUITests;
				PRODUCT_NAME = "$(TARGET_NAME)";
				SWIFT_EMIT_LOC_STRINGS = NO;
				SWIFT_VERSION = 5.0;
				TARGETED_DEVICE_FAMILY = "1,2";
				TEST_TARGET_NAME = SwiftfulRoutingExample;
			};
			name = Release;
		};
/* End XCBuildConfiguration section */

/* Begin XCConfigurationList section */
		028A8961281F9228004E3DA4 /* Build configuration list for PBXProject "SwiftfulRoutingExample" */ = {
			isa = XCConfigurationList;
			buildConfigurations = (
				028A8972281F922B004E3DA4 /* Debug */,
				028A8973281F922B004E3DA4 /* Release */,
			);
			defaultConfigurationIsVisible = 0;
			defaultConfigurationName = Release;
		};
		028A8974281F922B004E3DA4 /* Build configuration list for PBXNativeTarget "SwiftfulRoutingExample" */ = {
			isa = XCConfigurationList;
			buildConfigurations = (
				028A8975281F922B004E3DA4 /* Debug */,
				028A8976281F922B004E3DA4 /* Release */,
			);
			defaultConfigurationIsVisible = 0;
			defaultConfigurationName = Release;
		};
		028A8986281F92AA004E3DA4 /* Build configuration list for PBXNativeTarget "SwiftfulRoutingExampleUITests" */ = {
			isa = XCConfigurationList;
			buildConfigurations = (
				028A8987281F92AA004E3DA4 /* Debug */,
				028A8988281F92AA004E3DA4 /* Release */,
			);
			defaultConfigurationIsVisible = 0;
			defaultConfigurationName = Release;
		};
/* End XCConfigurationList section */
	};
	rootObject = 028A895E281F9228004E3DA4 /* Project object */;
}
